
Microsoft Visual Studio Solution File, Format Version 12.00
# Visual Studio 15
VisualStudioVersion = 15.0.27703.2042
MinimumVisualStudioVersion = 10.0.40219.1
Project("{9A19103F-16F7-4668-BE54-9A1E7A4F7556}") = "Miki.Serialization", "Miki.Serialization\Miki.Serialization.csproj", "{C152E04B-A275-4514-BB41-91A54EDE1E45}"
EndProject
Project("{9A19103F-16F7-4668-BE54-9A1E7A4F7556}") = "Miki.Serialization.Protobuf", "Miki.Serialization.Protobuf\Miki.Serialization.Protobuf.csproj", "{4229B4D3-406F-48A8-9693-556C2F11ABCF}"
EndProject
Project("{FAE04EC0-301F-11D3-BF4B-00C04F79EFBC}") = "Miki.Serialization.ETF", "Miki.Serialization.ETF\Miki.Serialization.ETF.csproj", "{B3DE226F-4487-40D4-8533-475668326F59}"
EndProject
Global
	GlobalSection(SolutionConfigurationPlatforms) = preSolution
		Debug|Any CPU = Debug|Any CPU
		Release|Any CPU = Release|Any CPU
	EndGlobalSection
	GlobalSection(ProjectConfigurationPlatforms) = postSolution
		{C152E04B-A275-4514-BB41-91A54EDE1E45}.Debug|Any CPU.ActiveCfg = Debug|Any CPU
		{C152E04B-A275-4514-BB41-91A54EDE1E45}.Debug|Any CPU.Build.0 = Debug|Any CPU
		{C152E04B-A275-4514-BB41-91A54EDE1E45}.Release|Any CPU.ActiveCfg = Release|Any CPU
		{C152E04B-A275-4514-BB41-91A54EDE1E45}.Release|Any CPU.Build.0 = Release|Any CPU
		{4229B4D3-406F-48A8-9693-556C2F11ABCF}.Debug|Any CPU.ActiveCfg = Debug|Any CPU
		{4229B4D3-406F-48A8-9693-556C2F11ABCF}.Debug|Any CPU.Build.0 = Debug|Any CPU
		{4229B4D3-406F-48A8-9693-556C2F11ABCF}.Release|Any CPU.ActiveCfg = Release|Any CPU
		{4229B4D3-406F-48A8-9693-556C2F11ABCF}.Release|Any CPU.Build.0 = Release|Any CPU
		{B3DE226F-4487-40D4-8533-475668326F59}.Debug|Any CPU.ActiveCfg = Debug|Any CPU
		{B3DE226F-4487-40D4-8533-475668326F59}.Debug|Any CPU.Build.0 = Debug|Any CPU
		{B3DE226F-4487-40D4-8533-475668326F59}.Release|Any CPU.ActiveCfg = Release|Any CPU
		{B3DE226F-4487-40D4-8533-475668326F59}.Release|Any CPU.Build.0 = Release|Any CPU
	EndGlobalSection
	GlobalSection(SolutionProperties) = preSolution
		HideSolutionNode = FALSE
	EndGlobalSection
	GlobalSection(ExtensibilityGlobals) = postSolution
		SolutionGuid = {968226CA-B423-4C1D-82FF-99D67AC1543B}
	EndGlobalSection
EndGlobal
